// !$*UTF8*$!
{
	archiveVersion = 1;
	classes = {
	};
	objectVersion = 77;
	objects = {

/* Begin PBXContainerItemProxy section */
		3540797D2D3FA4F200850776 /* PBXContainerItemProxy */ = {
			isa = PBXContainerItemProxy;
			containerPortal = 354079642D3FA4F000850776 /* Project object */;
			proxyType = 1;
			remoteGlobalIDString = 3540796B2D3FA4F000850776;
			remoteInfo = LogTimefa;
		};
		354079872D3FA4F200850776 /* PBXContainerItemProxy */ = {
			isa = PBXContainerItemProxy;
			containerPortal = 354079642D3FA4F000850776 /* Project object */;
			proxyType = 1;
			remoteGlobalIDString = 3540796B2D3FA4F000850776;
			remoteInfo = LogTimefa;
		};
/* End PBXContainerItemProxy section */

/* Begin PBXFileReference section */
		3540796C2D3FA4F000850776 /* LogTimefa.app */ = {isa = PBXFileReference; explicitFileType = wrapper.application; includeInIndex = 0; path = LogTimefa.app; sourceTree = BUILT_PRODUCTS_DIR; };
		3540797C2D3FA4F200850776 /* LogTimefaTests.xctest */ = {isa = PBXFileReference; explicitFileType = wrapper.cfbundle; includeInIndex = 0; path = LogTimefaTests.xctest; sourceTree = BUILT_PRODUCTS_DIR; };
		354079862D3FA4F200850776 /* LogTimefaUITests.xctest */ = {isa = PBXFileReference; explicitFileType = wrapper.cfbundle; includeInIndex = 0; path = LogTimefaUITests.xctest; sourceTree = BUILT_PRODUCTS_DIR; };
/* End PBXFileReference section */

/* Begin PBXFileSystemSynchronizedBuildFileExceptionSet section */
		3540799B2D3FA5AF00850776 /* Exceptions for "LogTimefaUITests" folder in "LogTimefa" target */ = {
			isa = PBXFileSystemSynchronizedBuildFileExceptionSet;
			membershipExceptions = (
				ReviewView.swift,
			);
			target = 3540796B2D3FA4F000850776 /* LogTimefa */;
		};
		3540799C2D3FA5AF00850776 /* Exceptions for "LogTimefaUITests" folder in "LogTimefaUITests" target */ = {
			isa = PBXFileSystemSynchronizedBuildFileExceptionSet;
			membershipExceptions = (
				ReviewView.swift,
			);
			target = 354079852D3FA4F200850776 /* LogTimefaUITests */;
		};
/* End PBXFileSystemSynchronizedBuildFileExceptionSet section */

/* Begin PBXFileSystemSynchronizedRootGroup section */
		3540796E2D3FA4F000850776 /* LogTimefa */ = {
			isa = PBXFileSystemSynchronizedRootGroup;
			path = LogTimefa;
			sourceTree = "<group>";
		};
		3540797F2D3FA4F200850776 /* LogTimefaTests */ = {
			isa = PBXFileSystemSynchronizedRootGroup;
			path = LogTimefaTests;
			sourceTree = "<group>";
		};
		354079892D3FA4F200850776 /* LogTimefaUITests */ = {
			isa = PBXFileSystemSynchronizedRootGroup;
			exceptions = (
				3540799B2D3FA5AF00850776 /* Exceptions for "LogTimefaUITests" folder in "LogTimefa" target */,
				3540799C2D3FA5AF00850776 /* Exceptions for "LogTimefaUITests" folder in "LogTimefaUITests" target */,
			);
			path = LogTimefaUITests;
			sourceTree = "<group>";
		};
/* End PBXFileSystemSynchronizedRootGroup section */

/* Begin PBXFrameworksBuildPhase section */
		354079692D3FA4F000850776 /* Frameworks */ = {
			isa = PBXFrameworksBuildPhase;
			buildActionMask = 2147483647;
			files = (
			);
			runOnlyForDeploymentPostprocessing = 0;
		};
		354079792D3FA4F200850776 /* Frameworks */ = {
			isa = PBXFrameworksBuildPhase;
			buildActionMask = 2147483647;
			files = (
			);
			runOnlyForDeploymentPostprocessing = 0;
		};
		354079832D3FA4F200850776 /* Frameworks */ = {
			isa = PBXFrameworksBuildPhase;
			buildActionMask = 2147483647;
			files = (
			);
			runOnlyForDeploymentPostprocessing = 0;
		};
/* End PBXFrameworksBuildPhase section */

/* Begin PBXGroup section */
		354079632D3FA4EF00850776 = {
			isa = PBXGroup;
			children = (
				3540796E2D3FA4F000850776 /* LogTimefa */,
				3540797F2D3FA4F200850776 /* LogTimefaTests */,
				354079892D3FA4F200850776 /* LogTimefaUITests */,
				3540796D2D3FA4F000850776 /* Products */,
			);
			sourceTree = "<group>";
		};
		3540796D2D3FA4F000850776 /* Products */ = {
			isa = PBXGroup;
			children = (
				3540796C2D3FA4F000850776 /* LogTimefa.app */,
				3540797C2D3FA4F200850776 /* LogTimefaTests.xctest */,
				354079862D3FA4F200850776 /* LogTimefaUITests.xctest */,
			);
			name = Products;
			sourceTree = "<group>";
		};
/* End PBXGroup section */

/* Begin PBXNativeTarget section */
		3540796B2D3FA4F000850776 /* LogTimefa */ = {
			isa = PBXNativeTarget;
			buildConfigurationList = 354079902D3FA4F200850776 /* Build configuration list for PBXNativeTarget "LogTimefa" */;
			buildPhases = (
				354079682D3FA4F000850776 /* Sources */,
				354079692D3FA4F000850776 /* Frameworks */,
				3540796A2D3FA4F000850776 /* Resources */,
			);
			buildRules = (
			);
			dependencies = (
			);
			fileSystemSynchronizedGroups = (
				3540796E2D3FA4F000850776 /* LogTimefa */,
			);
			name = LogTimefa;
			packageProductDependencies = (
			);
			productName = LogTimefa;
			productReference = 3540796C2D3FA4F000850776 /* LogTimefa.app */;
			productType = "com.apple.product-type.application";
		};
		3540797B2D3FA4F200850776 /* LogTimefaTests */ = {
			isa = PBXNativeTarget;
			buildConfigurationList = 354079932D3FA4F200850776 /* Build configuration list for PBXNativeTarget "LogTimefaTests" */;
			buildPhases = (
				354079782D3FA4F200850776 /* Sources */,
				354079792D3FA4F200850776 /* Frameworks */,
				3540797A2D3FA4F200850776 /* Resources */,
			);
			buildRules = (
			);
			dependencies = (
				3540797E2D3FA4F200850776 /* PBXTargetDependency */,
			);
			fileSystemSynchronizedGroups = (
				3540797F2D3FA4F200850776 /* LogTimefaTests */,
			);
			name = LogTimefaTests;
			packageProductDependencies = (
			);
			productName = LogTimefaTests;
			productReference = 3540797C2D3FA4F200850776 /* LogTimefaTests.xctest */;
			productType = "com.apple.product-type.bundle.unit-test";
		};
		354079852D3FA4F200850776 /* LogTimefaUITests */ = {
			isa = PBXNativeTarget;
			buildConfigurationList = 354079962D3FA4F200850776 /* Build configuration list for PBXNativeTarget "LogTimefaUITests" */;
			buildPhases = (
				354079822D3FA4F200850776 /* Sources */,
				354079832D3FA4F200850776 /* Frameworks */,
				354079842D3FA4F200850776 /* Resources */,
			);
			buildRules = (
			);
			dependencies = (
				354079882D3FA4F200850776 /* PBXTargetDependency */,
			);
			fileSystemSynchronizedGroups = (
				354079892D3FA4F200850776 /* LogTimefaUITests */,
			);
			name = LogTimefaUITests;
			packageProductDependencies = (
			);
			productName = LogTimefaUITests;
			productReference = 354079862D3FA4F200850776 /* LogTimefaUITests.xctest */;
			productType = "com.apple.product-type.bundle.ui-testing";
		};
/* End PBXNativeTarget section */

/* Begin PBXProject section */
		354079642D3FA4F000850776 /* Project object */ = {
			isa = PBXProject;
			attributes = {
				BuildIndependentTargetsInParallel = 1;
				LastSwiftUpdateCheck = 1620;
				LastUpgradeCheck = 1620;
				TargetAttributes = {
					3540796B2D3FA4F000850776 = {
						CreatedOnToolsVersion = 16.2;
					};
					3540797B2D3FA4F200850776 = {
						CreatedOnToolsVersion = 16.2;
						TestTargetID = 3540796B2D3FA4F000850776;
					};
					354079852D3FA4F200850776 = {
						CreatedOnToolsVersion = 16.2;
						TestTargetID = 3540796B2D3FA4F000850776;
					};
				};
			};
			buildConfigurationList = 354079672D3FA4F000850776 /* Build configuration list for PBXProject "LogTimefa" */;
			developmentRegion = en;
			hasScannedForEncodings = 0;
			knownRegions = (
				en,
				Base,
			);
			mainGroup = 354079632D3FA4EF00850776;
			minimizedProjectReferenceProxies = 1;
			preferredProjectObjectVersion = 77;
			productRefGroup = 3540796D2D3FA4F000850776 /* Products */;
			projectDirPath = "";
			projectRoot = "";
			targets = (
				3540796B2D3FA4F000850776 /* LogTimefa */,
				3540797B2D3FA4F200850776 /* LogTimefaTests */,
				354079852D3FA4F200850776 /* LogTimefaUITests */,
			);
		};
/* End PBXProject section */

/* Begin PBXResourcesBuildPhase section */
		3540796A2D3FA4F000850776 /* Resources */ = {
			isa = PBXResourcesBuildPhase;
			buildActionMask = 2147483647;
			files = (
			);
			runOnlyForDeploymentPostprocessing = 0;
		};
		3540797A2D3FA4F200850776 /* Resources */ = {
			isa = PBXResourcesBuildPhase;
			buildActionMask = 2147483647;
			files = (
			);
			runOnlyForDeploymentPostprocessing = 0;
		};
		354079842D3FA4F200850776 /* Resources */ = {
			isa = PBXResourcesBuildPhase;
			buildActionMask = 2147483647;
			files = (
			);
			runOnlyForDeploymentPostprocessing = 0;
		};
/* End PBXResourcesBuildPhase section */

/* Begin PBXSourcesBuildPhase section */
		354079682D3FA4F000850776 /* Sources */ = {
			isa = PBXSourcesBuildPhase;
			buildActionMask = 2147483647;
			files = (
			);
			runOnlyForDeploymentPostprocessing = 0;
		};
		354079782D3FA4F200850776 /* Sources */ = {
			isa = PBXSourcesBuildPhase;
			buildActionMask = 2147483647;
			files = (
			);
			runOnlyForDeploymentPostprocessing = 0;
		};
		354079822D3FA4F200850776 /* Sources */ = {
			isa = PBXSourcesBuildPhase;
			buildActionMask = 2147483647;
			files = (
			);
			runOnlyForDeploymentPostprocessing = 0;
		};
/* End PBXSourcesBuildPhase section */

/* Begin PBXTargetDependency section */
		3540797E2D3FA4F200850776 /* PBXTargetDependency */ = {
			isa = PBXTargetDependency;
			target = 3540796B2D3FA4F000850776 /* LogTimefa */;
			targetProxy = 3540797D2D3FA4F200850776 /* PBXContainerItemProxy */;
		};
		354079882D3FA4F200850776 /* PBXTargetDependency */ = {
			isa = PBXTargetDependency;
			target = 3540796B2D3FA4F000850776 /* LogTimefa */;
			targetProxy = 354079872D3FA4F200850776 /* PBXContainerItemProxy */;
		};
/* End PBXTargetDependency section */

/* Begin XCBuildConfiguration section */
		3540798E2D3FA4F200850776 /* Debug */ = {
			isa = XCBuildConfiguration;
			buildSettings = {
				ALWAYS_SEARCH_USER_PATHS = NO;
				ASSETCATALOG_COMPILER_GENERATE_SWIFT_ASSET_SYMBOL_EXTENSIONS = YES;
				CLANG_ANALYZER_NONNULL = YES;
				CLANG_ANALYZER_NUMBER_OBJECT_CONVERSION = YES_AGGRESSIVE;
				CLANG_CXX_LANGUAGE_STANDARD = "gnu++20";
				CLANG_ENABLE_MODULES = YES;
				CLANG_ENABLE_OBJC_ARC = YES;
				CLANG_ENABLE_OBJC_WEAK = YES;
				CLANG_WARN_BLOCK_CAPTURE_AUTORELEASING = YES;
				CLANG_WARN_BOOL_CONVERSION = YES;
				CLANG_WARN_COMMA = YES;
				CLANG_WARN_CONSTANT_CONVERSION = YES;
				CLANG_WARN_DEPRECATED_OBJC_IMPLEMENTATIONS = YES;
				CLANG_WARN_DIRECT_OBJC_ISA_USAGE = YES_ERROR;
				CLANG_WARN_DOCUMENTATION_COMMENTS = YES;
				CLANG_WARN_EMPTY_BODY = YES;
				CLANG_WARN_ENUM_CONVERSION = YES;
				CLANG_WARN_INFINITE_RECURSION = YES;
				CLANG_WARN_INT_CONVERSION = YES;
				CLANG_WARN_NON_LITERAL_NULL_CONVERSION = YES;
				CLANG_WARN_OBJC_IMPLICIT_RETAIN_SELF = YES;
				CLANG_WARN_OBJC_LITERAL_CONVERSION = YES;
				CLANG_WARN_OBJC_ROOT_CLASS = YES_ERROR;
				CLANG_WARN_QUOTED_INCLUDE_IN_FRAMEWORK_HEADER = YES;
				CLANG_WARN_RANGE_LOOP_ANALYSIS = YES;
				CLANG_WARN_STRICT_PROTOTYPES = YES;
				CLANG_WARN_SUSPICIOUS_MOVE = YES;
				CLANG_WARN_UNGUARDED_AVAILABILITY = YES_AGGRESSIVE;
				CLANG_WARN_UNREACHABLE_CODE = YES;
				CLANG_WARN__DUPLICATE_METHOD_MATCH = YES;
				COPY_PHASE_STRIP = NO;
				DEBUG_INFORMATION_FORMAT = dwarf;
				ENABLE_STRICT_OBJC_MSGSEND = YES;
				ENABLE_TESTABILITY = YES;
				ENABLE_USER_SCRIPT_SANDBOXING = YES;
				GCC_C_LANGUAGE_STANDARD = gnu17;
				GCC_DYNAMIC_NO_PIC = NO;
				GCC_NO_COMMON_BLOCKS = YES;
				GCC_OPTIMIZATION_LEVEL = 0;
				GCC_PREPROCESSOR_DEFINITIONS = (
					"DEBUG=1",
					"$(inherited)",
				);
				GCC_WARN_64_TO_32_BIT_CONVERSION = YES;
				GCC_WARN_ABOUT_RETURN_TYPE = YES_ERROR;
				GCC_WARN_UNDECLARED_SELECTOR = YES;
				GCC_WARN_UNINITIALIZED_AUTOS = YES_AGGRESSIVE;
				GCC_WARN_UNUSED_FUNCTION = YES;
				GCC_WARN_UNUSED_VARIABLE = YES;
				IPHONEOS_DEPLOYMENT_TARGET = 18.2;
				LOCALIZATION_PREFERS_STRING_CATALOGS = YES;
				MTL_ENABLE_DEBUG_INFO = INCLUDE_SOURCE;
				MTL_FAST_MATH = YES;
				ONLY_ACTIVE_ARCH = YES;
				SDKROOT = iphoneos;
				SWIFT_ACTIVE_COMPILATION_CONDITIONS = "DEBUG $(inherited)";
				SWIFT_OPTIMIZATION_LEVEL = "-Onone";
			};
			name = Debug;
		};
		3540798F2D3FA4F200850776 /* Release */ = {
			isa = XCBuildConfiguration;
			buildSettings = {
				ALWAYS_SEARCH_USER_PATHS = NO;
				ASSETCATALOG_COMPILER_GENERATE_SWIFT_ASSET_SYMBOL_EXTENSIONS = YES;
				CLANG_ANALYZER_NONNULL = YES;
				CLANG_ANALYZER_NUMBER_OBJECT_CONVERSION = YES_AGGRESSIVE;
				CLANG_CXX_LANGUAGE_STANDARD = "gnu++20";
				CLANG_ENABLE_MODULES = YES;
				CLANG_ENABLE_OBJC_ARC = YES;
				CLANG_ENABLE_OBJC_WEAK = YES;
				CLANG_WARN_BLOCK_CAPTURE_AUTORELEASING = YES;
				CLANG_WARN_BOOL_CONVERSION = YES;
				CLANG_WARN_COMMA = YES;
				CLANG_WARN_CONSTANT_CONVERSION = YES;
				CLANG_WARN_DEPRECATED_OBJC_IMPLEMENTATIONS = YES;
				CLANG_WARN_DIRECT_OBJC_ISA_USAGE = YES_ERROR;
				CLANG_WARN_DOCUMENTATION_COMMENTS = YES;
				CLANG_WARN_EMPTY_BODY = YES;
				CLANG_WARN_ENUM_CONVERSION = YES;
				CLANG_WARN_INFINITE_RECURSION = YES;
				CLANG_WARN_INT_CONVERSION = YES;
				CLANG_WARN_NON_LITERAL_NULL_CONVERSION = YES;
				CLANG_WARN_OBJC_IMPLICIT_RETAIN_SELF = YES;
				CLANG_WARN_OBJC_LITERAL_CONVERSION = YES;
				CLANG_WARN_OBJC_ROOT_CLASS = YES_ERROR;
				CLANG_WARN_QUOTED_INCLUDE_IN_FRAMEWORK_HEADER = YES;
				CLANG_WARN_RANGE_LOOP_ANALYSIS = YES;
				CLANG_WARN_STRICT_PROTOTYPES = YES;
				CLANG_WARN_SUSPICIOUS_MOVE = YES;
				CLANG_WARN_UNGUARDED_AVAILABILITY = YES_AGGRESSIVE;
				CLANG_WARN_UNREACHABLE_CODE = YES;
				CLANG_WARN__DUPLICATE_METHOD_MATCH = YES;
				COPY_PHASE_STRIP = NO;
				DEBUG_INFORMATION_FORMAT = "dwarf-with-dsym";
				ENABLE_NS_ASSERTIONS = NO;
				ENABLE_STRICT_OBJC_MSGSEND = YES;
				ENABLE_USER_SCRIPT_SANDBOXING = YES;
				GCC_C_LANGUAGE_STANDARD = gnu17;
				GCC_NO_COMMON_BLOCKS = YES;
				GCC_WARN_64_TO_32_BIT_CONVERSION = YES;
				GCC_WARN_ABOUT_RETURN_TYPE = YES_ERROR;
				GCC_WARN_UNDECLARED_SELECTOR = YES;
				GCC_WARN_UNINITIALIZED_AUTOS = YES_AGGRESSIVE;
				GCC_WARN_UNUSED_FUNCTION = YES;
				GCC_WARN_UNUSED_VARIABLE = YES;
				IPHONEOS_DEPLOYMENT_TARGET = 18.2;
				LOCALIZATION_PREFERS_STRING_CATALOGS = YES;
				MTL_ENABLE_DEBUG_INFO = NO;
				MTL_FAST_MATH = YES;
				SDKROOT = iphoneos;
				SWIFT_COMPILATION_MODE = wholemodule;
				VALIDATE_PRODUCT = YES;
			};
			name = Release;
		};
		354079912D3FA4F200850776 /* Debug */ = {
			isa = XCBuildConfiguration;
			buildSettings = {
				ASSETCATALOG_COMPILER_APPICON_NAME = AppIcon;
				ASSETCATALOG_COMPILER_GLOBAL_ACCENT_COLOR_NAME = AccentColor;
				CODE_SIGN_STYLE = Automatic;
				CURRENT_PROJECT_VERSION = 1;
				DEVELOPMENT_ASSET_PATHS = "\"LogTimefa/Preview Content\"";
				ENABLE_PREVIEWS = YES;
				GENERATE_INFOPLIST_FILE = YES;
				INFOPLIST_KEY_UIApplicationSceneManifest_Generation = YES;
				INFOPLIST_KEY_UIApplicationSupportsIndirectInputEvents = YES;
				INFOPLIST_KEY_UILaunchScreen_Generation = YES;
				INFOPLIST_KEY_UISupportedInterfaceOrientations_iPad = "UIInterfaceOrientationPortrait UIInterfaceOrientationPortraitUpsideDown UIInterfaceOrientationLandscapeLeft UIInterfaceOrientationLandscapeRight";
				INFOPLIST_KEY_UISupportedInterfaceOrientations_iPhone = "UIInterfaceOrientationPortrait UIInterfaceOrientationLandscapeLeft UIInterfaceOrientationLandscapeRight";
				LD_RUNPATH_SEARCH_PATHS = (
					"$(inherited)",
					"@executable_path/Frameworks",
				);
				MARKETING_VERSION = 1.0;
				PRODUCT_BUNDLE_IDENTIFIER = "Leon-Studio.LogTimefa";
				PRODUCT_NAME = "$(TARGET_NAME)";
				SWIFT_EMIT_LOC_STRINGS = YES;
				SWIFT_VERSION = 5.0;
				TARGETED_DEVICE_FAMILY = "1,2";
			};
			name = Debug;
		};
		354079922D3FA4F200850776 /* Release */ = {
			isa = XCBuildConfiguration;
			buildSettings = {
				ASSETCATALOG_COMPILER_APPICON_NAME = AppIcon;
				ASSETCATALOG_COMPILER_GLOBAL_ACCENT_COLOR_NAME = AccentColor;
				CODE_SIGN_STYLE = Automatic;
				CURRENT_PROJECT_VERSION = 1;
				DEVELOPMENT_ASSET_PATHS = "\"LogTimefa/Preview Content\"";
				ENABLE_PREVIEWS = YES;
				GENERATE_INFOPLIST_FILE = YES;
				INFOPLIST_KEY_UIApplicationSceneManifest_Generation = YES;
				INFOPLIST_KEY_UIApplicationSupportsIndirectInputEvents = YES;
				INFOPLIST_KEY_UILaunchScreen_Generation = YES;
				INFOPLIST_KEY_UISupportedInterfaceOrientations_iPad = "UIInterfaceOrientationPortrait UIInterfaceOrientationPortraitUpsideDown UIInterfaceOrientationLandscapeLeft UIInterfaceOrientationLandscapeRight";
				INFOPLIST_KEY_UISupportedInterfaceOrientations_iPhone = "UIInterfaceOrientationPortrait UIInterfaceOrientationLandscapeLeft UIInterfaceOrientationLandscapeRight";
				LD_RUNPATH_SEARCH_PATHS = (
					"$(inherited)",
					"@executable_path/Frameworks",
				);
				MARKETING_VERSION = 1.0;
				PRODUCT_BUNDLE_IDENTIFIER = "Leon-Studio.LogTimefa";
				PRODUCT_NAME = "$(TARGET_NAME)";
				SWIFT_EMIT_LOC_STRINGS = YES;
				SWIFT_VERSION = 5.0;
				TARGETED_DEVICE_FAMILY = "1,2";
			};
			name = Release;
		};
		354079942D3FA4F200850776 /* Debug */ = {
			isa = XCBuildConfiguration;
			buildSettings = {
				BUNDLE_LOADER = "$(TEST_HOST)";
				CODE_SIGN_STYLE = Automatic;
				CURRENT_PROJECT_VERSION = 1;
				GENERATE_INFOPLIST_FILE = YES;
				IPHONEOS_DEPLOYMENT_TARGET = 18.2;
				MARKETING_VERSION = 1.0;
				PRODUCT_BUNDLE_IDENTIFIER = "Leon-Studio.LogTimefaTests";
				PRODUCT_NAME = "$(TARGET_NAME)";
				SWIFT_EMIT_LOC_STRINGS = NO;
				SWIFT_VERSION = 5.0;
				TARGETED_DEVICE_FAMILY = "1,2";
				TEST_HOST = "$(BUILT_PRODUCTS_DIR)/LogTimefa.app/$(BUNDLE_EXECUTABLE_FOLDER_PATH)/LogTimefa";
			};
			name = Debug;
		};
		354079952D3FA4F200850776 /* Release */ = {
			isa = XCBuildConfiguration;
			buildSettings = {
				BUNDLE_LOADER = "$(TEST_HOST)";
				CODE_SIGN_STYLE = Automatic;
				CURRENT_PROJECT_VERSION = 1;
				GENERATE_INFOPLIST_FILE = YES;
				IPHONEOS_DEPLOYMENT_TARGET = 18.2;
				MARKETING_VERSION = 1.0;
				PRODUCT_BUNDLE_IDENTIFIER = "Leon-Studio.LogTimefaTests";
				PRODUCT_NAME = "$(TARGET_NAME)";
				SWIFT_EMIT_LOC_STRINGS = NO;
				SWIFT_VERSION = 5.0;
				TARGETED_DEVICE_FAMILY = "1,2";
				TEST_HOST = "$(BUILT_PRODUCTS_DIR)/LogTimefa.app/$(BUNDLE_EXECUTABLE_FOLDER_PATH)/LogTimefa";
			};
			name = Release;
		};
		354079972D3FA4F200850776 /* Debug */ = {
			isa = XCBuildConfiguration;
			buildSettings = {
				CODE_SIGN_STYLE = Automatic;
				CURRENT_PROJECT_VERSION = 1;
				GENERATE_INFOPLIST_FILE = YES;
				MARKETING_VERSION = 1.0;
				PRODUCT_BUNDLE_IDENTIFIER = "Leon-Studio.LogTimefaUITests";
				PRODUCT_NAME = "$(TARGET_NAME)";
				SWIFT_EMIT_LOC_STRINGS = NO;
				SWIFT_VERSION = 5.0;
				TARGETED_DEVICE_FAMILY = "1,2";
				TEST_TARGET_NAME = LogTimefa;
			};
			name = Debug;
		};
		354079982D3FA4F200850776 /* Release */ = {
			isa = XCBuildConfiguration;
			buildSettings = {
				CODE_SIGN_STYLE = Automatic;
				CURRENT_PROJECT_VERSION = 1;
				GENERATE_INFOPLIST_FILE = YES;
				MARKETING_VERSION = 1.0;
				PRODUCT_BUNDLE_IDENTIFIER = "Leon-Studio.LogTimefaUITests";
				PRODUCT_NAME = "$(TARGET_NAME)";
				SWIFT_EMIT_LOC_STRINGS = NO;
				SWIFT_VERSION = 5.0;
				TARGETED_DEVICE_FAMILY = "1,2";
				TEST_TARGET_NAME = LogTimefa;
			};
			name = Release;
		};
/* End XCBuildConfiguration section */

/* Begin XCConfigurationList section */
		354079672D3FA4F000850776 /* Build configuration list for PBXProject "LogTimefa" */ = {
			isa = XCConfigurationList;
			buildConfigurations = (
				3540798E2D3FA4F200850776 /* Debug */,
				3540798F2D3FA4F200850776 /* Release */,
			);
			defaultConfigurationIsVisible = 0;
			defaultConfigurationName = Release;
		};
		354079902D3FA4F200850776 /* Build configuration list for PBXNativeTarget "LogTimefa" */ = {
			isa = XCConfigurationList;
			buildConfigurations = (
				354079912D3FA4F200850776 /* Debug */,
				354079922D3FA4F200850776 /* Release */,
			);
			defaultConfigurationIsVisible = 0;
			defaultConfigurationName = Release;
		};
		354079932D3FA4F200850776 /* Build configuration list for PBXNativeTarget "LogTimefaTests" */ = {
			isa = XCConfigurationList;
			buildConfigurations = (
				354079942D3FA4F200850776 /* Debug */,
				354079952D3FA4F200850776 /* Release */,
			);
			defaultConfigurationIsVisible = 0;
			defaultConfigurationName = Release;
		};
		354079962D3FA4F200850776 /* Build configuration list for PBXNativeTarget "LogTimefaUITests" */ = {
			isa = XCConfigurationList;
			buildConfigurations = (
				354079972D3FA4F200850776 /* Debug */,
				354079982D3FA4F200850776 /* Release */,
			);
			defaultConfigurationIsVisible = 0;
			defaultConfigurationName = Release;
		};
/* End XCConfigurationList section */
	};
	rootObject = 354079642D3FA4F000850776 /* Project object */;
}
