// !$*UTF8*$!
{
	archiveVersion = 1;
	classes = {
	};
	objectVersion = 54;
	objects = {

/* Begin PBXBuildFile section */
		024E6155BE1FFB745C9089FE /* WatermarkViewModel.swift in Sources */ = {isa = PBXBuildFile; fileRef = 867CF9C89B70A8E260C91C3E /* WatermarkViewModel.swift */; };
		283D475CD4143AF4407C5800 /* WatermarkEditorView.swift in Sources */ = {isa = PBXBuildFile; fileRef = 269F1D997A2E044C86FDEC6C /* WatermarkEditorView.swift */; };
		5A5DDDC1BC0734307D719B53 /* ContentView.swift in Sources */ = {isa = PBXBuildFile; fileRef = C3DF6C0D04A07343068729F0 /* ContentView.swift */; };
		EB56844BB208CDD8964CB0D6 /* SecureWatermarkApp.swift in Sources */ = {isa = PBXBuildFile; fileRef = 80722762B3BDC09AD8CE8F3A /* SecureWatermarkApp.swift */; };
/* End PBXBuildFile section */

/* Begin PBXFileReference section */
		269F1D997A2E044C86FDEC6C /* WatermarkEditorView.swift */ = {isa = PBXFileReference; lastKnownFileType = sourcecode.swift; path = WatermarkEditorView.swift; sourceTree = "<group>"; };
		5864630C787A1D089E52196E /* Info.plist */ = {isa = PBXFileReference; lastKnownFileType = text.plist; path = Info.plist; sourceTree = "<group>"; };
		80722762B3BDC09AD8CE8F3A /* SafeMarkApp.swift */ = {isa = PBXFileReference; lastKnownFileType = sourcecode.swift; path = SafeMarkApp.swift; sourceTree = "<group>"; };
		867CF9C89B70A8E260C91C3E /* WatermarkViewModel.swift */ = {isa = PBXFileReference; lastKnownFileType = sourcecode.swift; path = WatermarkViewModel.swift; sourceTree = "<group>"; };
		C3DF6C0D04A07343068729F0 /* ContentView.swift */ = {isa = PBXFileReference; lastKnownFileType = sourcecode.swift; path = ContentView.swift; sourceTree = "<group>"; };
		C8EFC8CD730C9C852FB3C05E /* SafeMark.app */ = {isa = PBXFileReference; includeInIndex = 0; lastKnownFileType = wrapper.application; path = SafeMark.app; sourceTree = BUILT_PRODUCTS_DIR; };
/* End PBXFileReference section */

/* Begin PBXGroup section */
		3C3325543A8C9C7311983C65 = {
			isa = PBXGroup;
			children = (
				C64FE34F7C75DE85174FACB9 /* SafeMark - iOS */,
				BCE56A08D8B0E43EC032621E /* Products */,
			);
			sourceTree = "<group>";
		};
		BCE56A08D8B0E43EC032621E /* Products */ = {
			isa = PBXGroup;
			children = (
				C8EFC8CD730C9C852FB3C05E /* SafeMark.app */,
			);
			name = Products;
			sourceTree = "<group>";
		};
		C64FE34F7C75DE85174FACB9 /* SafeMark - iOS */ = {
			isa = PBXGroup;
			children = (
				C3DF6C0D04A07343068729F0 /* ContentView.swift */,
				5864630C787A1D089E52196E /* Info.plist */,
				80722762B3BDC09AD8CE8F3A /* SecureWatermarkApp.swift */,
				269F1D997A2E044C86FDEC6C /* WatermarkEditorView.swift */,
				867CF9C89B70A8E260C91C3E /* WatermarkViewModel.swift */,
			);
			name = "SafeMark - iOS";
			path = .;
			sourceTree = "<group>";
		};
/* End PBXGroup section */

/* Begin PBXNativeTarget section */
		AA4A5FF9509F8DFD51635BC5 /* SafeMark */ = {
			isa = PBXNativeTarget;
			buildConfigurationList = 8038907A151772A7792CBF56 /* Build configuration list for PBXNativeTarget "SafeMark" */;
			buildPhases = (
				48DE5272603B8005D0953C06 /* Sources */,
			);
			buildRules = (
			);
			dependencies = (
			);
			name = SafeMark;
			productName = SafeMark;
			productReference = C8EFC8CD730C9C852FB3C05E /* SafeMark.app */;
			productType = "com.apple.product-type.application";
		};
/* End PBXNativeTarget section */

/* Begin PBXProject section */
		303ED8BFD81F9E82E33A530A /* Project object */ = {
			isa = PBXProject;
			attributes = {
				BuildIndependentTargetsInParallel = YES;
				LastUpgradeCheck = 1430;
				TargetAttributes = {
					AA4A5FF9509F8DFD51635BC5 = {
						DevelopmentTeam = "";
					};
				};
			};
			buildConfigurationList = B73273F1DC22622043EC6EDF /* Build configuration list for PBXProject "SafeMark" */;
			compatibilityVersion = "Xcode 14.0";
			developmentRegion = en;
			hasScannedForEncodings = 0;
			knownRegions = (
				Base,
				en,
			);
			mainGroup = 3C3325543A8C9C7311983C65;
			projectDirPath = "";
			projectRoot = "";
			targets = (
				AA4A5FF9509F8DFD51635BC5 /* SafeMark */,
			);
		};
/* End PBXProject section */

/* Begin PBXSourcesBuildPhase section */
		48DE5272603B8005D0953C06 /* Sources */ = {
			isa = PBXSourcesBuildPhase;
			buildActionMask = 2147483647;
			files = (
				5A5DDDC1BC0734307D719B53 /* ContentView.swift in Sources */,
				EB56844BB208CDD8964CB0D6 /* SafeMarkApp.swift in Sources */,
				283D475CD4143AF4407C5800 /* WatermarkEditorView.swift in Sources */,
				024E6155BE1FFB745C9089FE /* WatermarkViewModel.swift in Sources */,
			);
			runOnlyForDeploymentPostprocessing = 0;
		};
/* End PBXSourcesBuildPhase section */

/* Begin XCBuildConfiguration section */
		29BF04F577E210D70C45EC43 /* Release */ = {
			isa = XCBuildConfiguration;
			buildSettings = {
				ALWAYS_SEARCH_USER_PATHS = NO;
				CLANG_ANALYZER_NONNULL = YES;
				CLANG_ANALYZER_NUMBER_OBJECT_CONVERSION = YES_AGGRESSIVE;
				CLANG_CXX_LANGUAGE_STANDARD = "gnu++14";
				CLANG_CXX_LIBRARY = "libc++";
				CLANG_ENABLE_MODULES = YES;
				CLANG_ENABLE_OBJC_ARC = YES;
				CLANG_ENABLE_OBJC_WEAK = YES;
				CLANG_WARN_BLOCK_CAPTURE_AUTORELEASING = YES;
				CLANG_WARN_BOOL_CONVERSION = YES;
				CLANG_WARN_COMMA = YES;
				CLANG_WARN_CONSTANT_CONVERSION = YES;
				CLANG_WARN_DEPRECATED_OBJC_IMPLEMENTATIONS = YES;
				CLANG_WARN_DIRECT_OBJC_ISA_USAGE = YES_ERROR;
				CLANG_WARN_DOCUMENTATION_COMMENTS = YES;
				CLANG_WARN_EMPTY_BODY = YES;
				CLANG_WARN_ENUM_CONVERSION = YES;
				CLANG_WARN_INFINITE_RECURSION = YES;
				CLANG_WARN_INT_CONVERSION = YES;
				CLANG_WARN_NON_LITERAL_NULL_CONVERSION = YES;
				CLANG_WARN_OBJC_IMPLICIT_RETAIN_SELF = YES;
				CLANG_WARN_OBJC_LITERAL_CONVERSION = YES;
				CLANG_WARN_OBJC_ROOT_CLASS = YES_ERROR;
				CLANG_WARN_QUOTED_INCLUDE_IN_FRAMEWORK_HEADER = YES;
				CLANG_WARN_RANGE_LOOP_ANALYSIS = YES;
				CLANG_WARN_STRICT_PROTOTYPES = YES;
				CLANG_WARN_SUSPICIOUS_MOVE = YES;
				CLANG_WARN_UNGUARDED_AVAILABILITY = YES_AGGRESSIVE;
				CLANG_WARN_UNREACHABLE_CODE = YES;
				CLANG_WARN__DUPLICATE_METHOD_MATCH = YES;
				COPY_PHASE_STRIP = NO;
				DEBUG_INFORMATION_FORMAT = "dwarf-with-dsym";
				ENABLE_NS_ASSERTIONS = NO;
				ENABLE_STRICT_OBJC_MSGSEND = YES;
				GCC_C_LANGUAGE_STANDARD = gnu11;
				GCC_NO_COMMON_BLOCKS = YES;
				GCC_WARN_64_TO_32_BIT_CONVERSION = YES;
				GCC_WARN_ABOUT_RETURN_TYPE = YES_ERROR;
				GCC_WARN_UNDECLARED_SELECTOR = YES;
				GCC_WARN_UNINITIALIZED_AUTOS = YES_AGGRESSIVE;
				GCC_WARN_UNUSED_FUNCTION = YES;
				GCC_WARN_UNUSED_VARIABLE = YES;
				MTL_ENABLE_DEBUG_INFO = NO;
				MTL_FAST_MATH = YES;
				PRODUCT_NAME = "$(TARGET_NAME)";
				SDKROOT = iphoneos;
				SWIFT_COMPILATION_MODE = wholemodule;
				SWIFT_OPTIMIZATION_LEVEL = "-O";
				SWIFT_VERSION = 5.0;
			};
			name = Release;
		};
		670F2E49DB1669129E316911 /* Release */ = {
			isa = XCBuildConfiguration;
			buildSettings = {
				ASSETCATALOG_COMPILER_APPICON_NAME = AppIcon;
				CODE_SIGN_IDENTITY = "iPhone Developer";
				DEVELOPMENT_TEAM = "";
				INFOPLIST_FILE = Info.plist;
				IPHONEOS_DEPLOYMENT_TARGET = 16.0;
				LD_RUNPATH_SEARCH_PATHS = (
					"$(inherited)",
					"@executable_path/Frameworks",
				);
				PRODUCT_BUNDLE_IDENTIFIER = com.safemark.app;
				SDKROOT = iphoneos;
				TARGETED_DEVICE_FAMILY = 1;
			};
			name = Release;
		};
		B7297D9C27D72F052FB3CB78 /* Debug */ = {
			isa = XCBuildConfiguration;
			buildSettings = {
				ALWAYS_SEARCH_USER_PATHS = NO;
				CLANG_ANALYZER_NONNULL = YES;
				CLANG_ANALYZER_NUMBER_OBJECT_CONVERSION = YES_AGGRESSIVE;
				CLANG_CXX_LANGUAGE_STANDARD = "gnu++14";
				CLANG_CXX_LIBRARY = "libc++";
				CLANG_ENABLE_MODULES = YES;
				CLANG_ENABLE_OBJC_ARC = YES;
				CLANG_ENABLE_OBJC_WEAK = YES;
				CLANG_WARN_BLOCK_CAPTURE_AUTORELEASING = YES;
				CLANG_WARN_BOOL_CONVERSION = YES;
				CLANG_WARN_COMMA = YES;
				CLANG_WARN_CONSTANT_CONVERSION = YES;
				CLANG_WARN_DEPRECATED_OBJC_IMPLEMENTATIONS = YES;
				CLANG_WARN_DIRECT_OBJC_ISA_USAGE = YES_ERROR;
				CLANG_WARN_DOCUMENTATION_COMMENTS = YES;
				CLANG_WARN_EMPTY_BODY = YES;
				CLANG_WARN_ENUM_CONVERSION = YES;
				CLANG_WARN_INFINITE_RECURSION = YES;
				CLANG_WARN_INT_CONVERSION = YES;
				CLANG_WARN_NON_LITERAL_NULL_CONVERSION = YES;
				CLANG_WARN_OBJC_IMPLICIT_RETAIN_SELF = YES;
				CLANG_WARN_OBJC_LITERAL_CONVERSION = YES;
				CLANG_WARN_OBJC_ROOT_CLASS = YES_ERROR;
				CLANG_WARN_QUOTED_INCLUDE_IN_FRAMEWORK_HEADER = YES;
				CLANG_WARN_RANGE_LOOP_ANALYSIS = YES;
				CLANG_WARN_STRICT_PROTOTYPES = YES;
				CLANG_WARN_SUSPICIOUS_MOVE = YES;
				CLANG_WARN_UNGUARDED_AVAILABILITY = YES_AGGRESSIVE;
				CLANG_WARN_UNREACHABLE_CODE = YES;
				CLANG_WARN__DUPLICATE_METHOD_MATCH = YES;
				COPY_PHASE_STRIP = NO;
				DEBUG_INFORMATION_FORMAT = dwarf;
				ENABLE_STRICT_OBJC_MSGSEND = YES;
				ENABLE_TESTABILITY = YES;
				GCC_C_LANGUAGE_STANDARD = gnu11;
				GCC_DYNAMIC_NO_PIC = NO;
				GCC_NO_COMMON_BLOCKS = YES;
				GCC_OPTIMIZATION_LEVEL = 0;
				GCC_PREPROCESSOR_DEFINITIONS = (
					"$(inherited)",
					"DEBUG=1",
				);
				GCC_WARN_64_TO_32_BIT_CONVERSION = YES;
				GCC_WARN_ABOUT_RETURN_TYPE = YES_ERROR;
				GCC_WARN_UNDECLARED_SELECTOR = YES;
				GCC_WARN_UNINITIALIZED_AUTOS = YES_AGGRESSIVE;
				GCC_WARN_UNUSED_FUNCTION = YES;
				GCC_WARN_UNUSED_VARIABLE = YES;
				MTL_ENABLE_DEBUG_INFO = INCLUDE_SOURCE;
				MTL_FAST_MATH = YES;
				ONLY_ACTIVE_ARCH = YES;
				PRODUCT_NAME = "$(TARGET_NAME)";
				SDKROOT = iphoneos;
				SWIFT_ACTIVE_COMPILATION_CONDITIONS = DEBUG;
				SWIFT_OPTIMIZATION_LEVEL = "-Onone";
				SWIFT_VERSION = 5.0;
			};
			name = Debug;
		};
		E164F2071C6358315A6E2A85 /* Debug */ = {
			isa = XCBuildConfiguration;
			buildSettings = {
				ASSETCATALOG_COMPILER_APPICON_NAME = AppIcon;
				CODE_SIGN_IDENTITY = "iPhone Developer";
				DEVELOPMENT_TEAM = "";
				INFOPLIST_FILE = Info.plist;
				IPHONEOS_DEPLOYMENT_TARGET = 16.0;
				LD_RUNPATH_SEARCH_PATHS = (
					"$(inherited)",
					"@executable_path/Frameworks",
				);
				PRODUCT_BUNDLE_IDENTIFIER = com.safemark.app;
				SDKROOT = iphoneos;
				TARGETED_DEVICE_FAMILY = 1;
			};
			name = Debug;
		};
/* End XCBuildConfiguration section */

/* Begin XCConfigurationList section */
		8038907A151772A7792CBF56 /* Build configuration list for PBXNativeTarget "SafeMark" */ = {
			isa = XCConfigurationList;
			buildConfigurations = (
				E164F2071C6358315A6E2A85 /* Debug */,
				670F2E49DB1669129E316911 /* Release */,
			);
			defaultConfigurationIsVisible = 0;
			defaultConfigurationName = Debug;
		};
		B73273F1DC22622043EC6EDF /* Build configuration list for PBXProject "SafeMark" */ = {
			isa = XCConfigurationList;
			buildConfigurations = (
				B7297D9C27D72F052FB3CB78 /* Debug */,
				29BF04F577E210D70C45EC43 /* Release */,
			);
			defaultConfigurationIsVisible = 0;
			defaultConfigurationName = Debug;
		};
/* End XCConfigurationList section */
	};
	rootObject = 303ED8BFD81F9E82E33A530A /* Project object */;
}
